
Microsoft Visual Studio Solution File, Format Version 12.00
# Visual Studio Version 17
VisualStudioVersion = 17.6.33815.320
MinimumVisualStudioVersion = 10.0.40219.1
Project("{FAE04EC0-301F-11D3-BF4B-00C04F79EFBC}") = "01.RectangleOf10x10Stars", "01.RectangleOf10x10Stars\01.RectangleOf10x10Stars.csproj", "{BEDCF474-18D2-45EC-AF7F-2D67171FCE8A}"
EndProject
Project("{FAE04EC0-301F-11D3-BF4B-00C04F79EFBC}") = "02.RectangleOfNXNStars", "02.RectangleOfNXNStars\02.RectangleOfNXNStars.csproj", "{72EA8ACF-3880-4FF1-8C84-4EC934B48166}"
EndProject
Global
	GlobalSection(SolutionConfigurationPlatforms) = preSolution
		Debug|Any CPU = Debug|Any CPU
		Release|Any CPU = Release|Any CPU
	EndGlobalSection
	GlobalSection(ProjectConfigurationPlatforms) = postSolution
		{BEDCF474-18D2-45EC-AF7F-2D67171FCE8A}.Debug|Any CPU.ActiveCfg = Debug|Any CPU
		{BEDCF474-18D2-45EC-AF7F-2D67171FCE8A}.Debug|Any CPU.Build.0 = Debug|Any CPU
		{BEDCF474-18D2-45EC-AF7F-2D67171FCE8A}.Release|Any CPU.ActiveCfg = Release|Any CPU
		{BEDCF474-18D2-45EC-AF7F-2D67171FCE8A}.Release|Any CPU.Build.0 = Release|Any CPU
		{72EA8ACF-3880-4FF1-8C84-4EC934B48166}.Debug|Any CPU.ActiveCfg = Debug|Any CPU
		{72EA8ACF-3880-4FF1-8C84-4EC934B48166}.Debug|Any CPU.Build.0 = Debug|Any CPU
		{72EA8ACF-3880-4FF1-8C84-4EC934B48166}.Release|Any CPU.ActiveCfg = Release|Any CPU
		{72EA8ACF-3880-4FF1-8C84-4EC934B48166}.Release|Any CPU.Build.0 = Release|Any CPU
	EndGlobalSection
	GlobalSection(SolutionProperties) = preSolution
		HideSolutionNode = FALSE
	EndGlobalSection
	GlobalSection(ExtensibilityGlobals) = postSolution
		SolutionGuid = {3BC05C41-E933-4D1C-82F6-02E9296A6BD3}
	EndGlobalSection
EndGlobal
