
Microsoft Visual Studio Solution File, Format Version 12.00
# Visual Studio Version 17
VisualStudioVersion = 17.6.33815.320
MinimumVisualStudioVersion = 10.0.40219.1
Project("{9A19103F-16F7-4668-BE54-9A1E7A4F7556}") = "02.Skeleton", "02.Skeleton\02.Skeleton.csproj", "{BD391934-2AC7-473A-A514-9E740A05C9C7}"
EndProject
Project("{9A19103F-16F7-4668-BE54-9A1E7A4F7556}") = "03.Gymnastics", "03.Gymnastics\03.Gymnastics.csproj", "{B9AAA5A3-D083-4103-A9D0-B0A2AA5281BD}"
EndProject
Project("{9A19103F-16F7-4668-BE54-9A1E7A4F7556}") = "03.MobileOperator", "03.MobileOperator\03.MobileOperator.csproj", "{EFD4F01D-7B0D-4760-BD9B-18E7B2BAC045}"
EndProject
Project("{9A19103F-16F7-4668-BE54-9A1E7A4F7556}") = "03.OscarsWeekInCinema", "03.OscarsWeekInCinema\03.OscarsWeekInCinema.csproj", "{04E11286-1DB2-483C-8A24-790034416BB9}"
EndProject
Project("{9A19103F-16F7-4668-BE54-9A1E7A4F7556}") = "04.Darts", "04.Darts\04.Darts.csproj", "{70605DE9-A381-44D8-860A-B74B61062C7C}"
EndProject
Project("{9A19103F-16F7-4668-BE54-9A1E7A4F7556}") = "04. Game Numbers War", "Demo\04. Game Numbers War.csproj", "{1250E00F-32E4-4D56-99D5-1D5C5E9A76D2}"
EndProject
Project("{9A19103F-16F7-4668-BE54-9A1E7A4F7556}") = "02.FootballResults", "02.FootballResults\02.FootballResults.csproj", "{A4850B4C-57E8-4C6B-9AD9-D3D9122716DB}"
EndProject
Project("{9A19103F-16F7-4668-BE54-9A1E7A4F7556}") = "06.TournamentOfChristmas", "06.TournamentOfChristmas\06.TournamentOfChristmas.csproj", "{39F4E96C-120A-42A8-90AE-89FAB6D7320B}"
EndProject
Project("{FAE04EC0-301F-11D3-BF4B-00C04F79EFBC}") = "04.TouristShop", "04.TouristShop\04.TouristShop.csproj", "{DAA36F89-3074-40BE-BEAF-937E960D6E9F}"
EndProject
Global
	GlobalSection(SolutionConfigurationPlatforms) = preSolution
		Debug|Any CPU = Debug|Any CPU
		Release|Any CPU = Release|Any CPU
	EndGlobalSection
	GlobalSection(ProjectConfigurationPlatforms) = postSolution
		{BD391934-2AC7-473A-A514-9E740A05C9C7}.Debug|Any CPU.ActiveCfg = Debug|Any CPU
		{BD391934-2AC7-473A-A514-9E740A05C9C7}.Debug|Any CPU.Build.0 = Debug|Any CPU
		{BD391934-2AC7-473A-A514-9E740A05C9C7}.Release|Any CPU.ActiveCfg = Release|Any CPU
		{BD391934-2AC7-473A-A514-9E740A05C9C7}.Release|Any CPU.Build.0 = Release|Any CPU
		{B9AAA5A3-D083-4103-A9D0-B0A2AA5281BD}.Debug|Any CPU.ActiveCfg = Debug|Any CPU
		{B9AAA5A3-D083-4103-A9D0-B0A2AA5281BD}.Debug|Any CPU.Build.0 = Debug|Any CPU
		{B9AAA5A3-D083-4103-A9D0-B0A2AA5281BD}.Release|Any CPU.ActiveCfg = Release|Any CPU
		{B9AAA5A3-D083-4103-A9D0-B0A2AA5281BD}.Release|Any CPU.Build.0 = Release|Any CPU
		{EFD4F01D-7B0D-4760-BD9B-18E7B2BAC045}.Debug|Any CPU.ActiveCfg = Debug|Any CPU
		{EFD4F01D-7B0D-4760-BD9B-18E7B2BAC045}.Debug|Any CPU.Build.0 = Debug|Any CPU
		{EFD4F01D-7B0D-4760-BD9B-18E7B2BAC045}.Release|Any CPU.ActiveCfg = Release|Any CPU
		{EFD4F01D-7B0D-4760-BD9B-18E7B2BAC045}.Release|Any CPU.Build.0 = Release|Any CPU
		{04E11286-1DB2-483C-8A24-790034416BB9}.Debug|Any CPU.ActiveCfg = Debug|Any CPU
		{04E11286-1DB2-483C-8A24-790034416BB9}.Debug|Any CPU.Build.0 = Debug|Any CPU
		{04E11286-1DB2-483C-8A24-790034416BB9}.Release|Any CPU.ActiveCfg = Release|Any CPU
		{04E11286-1DB2-483C-8A24-790034416BB9}.Release|Any CPU.Build.0 = Release|Any CPU
		{70605DE9-A381-44D8-860A-B74B61062C7C}.Debug|Any CPU.ActiveCfg = Debug|Any CPU
		{70605DE9-A381-44D8-860A-B74B61062C7C}.Debug|Any CPU.Build.0 = Debug|Any CPU
		{70605DE9-A381-44D8-860A-B74B61062C7C}.Release|Any CPU.ActiveCfg = Release|Any CPU
		{70605DE9-A381-44D8-860A-B74B61062C7C}.Release|Any CPU.Build.0 = Release|Any CPU
		{1250E00F-32E4-4D56-99D5-1D5C5E9A76D2}.Debug|Any CPU.ActiveCfg = Debug|Any CPU
		{1250E00F-32E4-4D56-99D5-1D5C5E9A76D2}.Debug|Any CPU.Build.0 = Debug|Any CPU
		{1250E00F-32E4-4D56-99D5-1D5C5E9A76D2}.Release|Any CPU.ActiveCfg = Release|Any CPU
		{1250E00F-32E4-4D56-99D5-1D5C5E9A76D2}.Release|Any CPU.Build.0 = Release|Any CPU
		{A4850B4C-57E8-4C6B-9AD9-D3D9122716DB}.Debug|Any CPU.ActiveCfg = Debug|Any CPU
		{A4850B4C-57E8-4C6B-9AD9-D3D9122716DB}.Debug|Any CPU.Build.0 = Debug|Any CPU
		{A4850B4C-57E8-4C6B-9AD9-D3D9122716DB}.Release|Any CPU.ActiveCfg = Release|Any CPU
		{A4850B4C-57E8-4C6B-9AD9-D3D9122716DB}.Release|Any CPU.Build.0 = Release|Any CPU
		{39F4E96C-120A-42A8-90AE-89FAB6D7320B}.Debug|Any CPU.ActiveCfg = Debug|Any CPU
		{39F4E96C-120A-42A8-90AE-89FAB6D7320B}.Debug|Any CPU.Build.0 = Debug|Any CPU
		{39F4E96C-120A-42A8-90AE-89FAB6D7320B}.Release|Any CPU.ActiveCfg = Release|Any CPU
		{39F4E96C-120A-42A8-90AE-89FAB6D7320B}.Release|Any CPU.Build.0 = Release|Any CPU
		{DAA36F89-3074-40BE-BEAF-937E960D6E9F}.Debug|Any CPU.ActiveCfg = Debug|Any CPU
		{DAA36F89-3074-40BE-BEAF-937E960D6E9F}.Debug|Any CPU.Build.0 = Debug|Any CPU
		{DAA36F89-3074-40BE-BEAF-937E960D6E9F}.Release|Any CPU.ActiveCfg = Release|Any CPU
		{DAA36F89-3074-40BE-BEAF-937E960D6E9F}.Release|Any CPU.Build.0 = Release|Any CPU
	EndGlobalSection
	GlobalSection(SolutionProperties) = preSolution
		HideSolutionNode = FALSE
	EndGlobalSection
	GlobalSection(ExtensibilityGlobals) = postSolution
		SolutionGuid = {EDF40C59-4FD5-40D5-B10A-DC2ACC0BDD02}
	EndGlobalSection
EndGlobal
